
Microsoft Visual Studio Solution File, Format Version 12.00
# Visual Studio Version 17
VisualStudioVersion = 17.14.36109.1 d17.14
MinimumVisualStudioVersion = 10.0.40219.1
Project("{2150E333-8FDC-42A3-9474-1A3956D46DE8}") = "src", "src", "{02EA681E-C7D8-13C7-8484-4AC65E1B71E8}"
EndProject
Project("{2150E333-8FDC-42A3-9474-1A3956D46DE8}") = "tests", "tests", "{730B975C-6C04-4CF0-886C-8B63F218ADC0}"
EndProject
Project("{2150E333-8FDC-42A3-9474-1A3956D46DE8}") = "backend", "backend", "{5C2DD09C-5C4F-4A10-8B43-597B5A84B275}"
EndProject
Project("{2150E333-8FDC-42A3-9474-1A3956D46DE8}") = "shared", "shared", "{B15980B0-1152-4BAD-AAA1-7E42E5B741B0}"
EndProject
Project("{FAE04EC0-301F-11D3-BF4B-00C04F79EFBC}") = "MyRecipeBook.api", "src\backend\MyRecipeBook.api\MyRecipeBook.api.csproj", "{3303E8E8-8C36-4DD5-AFC2-50C3BF965DDA}"
EndProject
Project("{FAE04EC0-301F-11D3-BF4B-00C04F79EFBC}") = "MyRecipeBook.domain", "src\backend\MyRecipeBook.domain\MyRecipeBook.domain.csproj", "{8B159861-07FA-4F53-B08E-20E506277C60}"
EndProject
Project("{FAE04EC0-301F-11D3-BF4B-00C04F79EFBC}") = "MyRecipeBook.infrastructure", "src\backend\MyRecipeBook.infrastructure\MyRecipeBook.infrastructure.csproj", "{841C6E35-3285-4FB1-A567-3673AE5541ED}"
EndProject
Project("{FAE04EC0-301F-11D3-BF4B-00C04F79EFBC}") = "MyRecipeBook.application", "src\backend\MyRecipeBook.application\MyRecipeBook.application.csproj", "{997AAD36-220D-4323-8939-9480BA6F7196}"
EndProject
Global
	GlobalSection(SolutionConfigurationPlatforms) = preSolution
		Debug|Any CPU = Debug|Any CPU
		Release|Any CPU = Release|Any CPU
	EndGlobalSection
	GlobalSection(ProjectConfigurationPlatforms) = postSolution
		{3303E8E8-8C36-4DD5-AFC2-50C3BF965DDA}.Debug|Any CPU.ActiveCfg = Debug|Any CPU
		{3303E8E8-8C36-4DD5-AFC2-50C3BF965DDA}.Debug|Any CPU.Build.0 = Debug|Any CPU
		{3303E8E8-8C36-4DD5-AFC2-50C3BF965DDA}.Release|Any CPU.ActiveCfg = Release|Any CPU
		{3303E8E8-8C36-4DD5-AFC2-50C3BF965DDA}.Release|Any CPU.Build.0 = Release|Any CPU
		{8B159861-07FA-4F53-B08E-20E506277C60}.Debug|Any CPU.ActiveCfg = Debug|Any CPU
		{8B159861-07FA-4F53-B08E-20E506277C60}.Debug|Any CPU.Build.0 = Debug|Any CPU
		{8B159861-07FA-4F53-B08E-20E506277C60}.Release|Any CPU.ActiveCfg = Release|Any CPU
		{8B159861-07FA-4F53-B08E-20E506277C60}.Release|Any CPU.Build.0 = Release|Any CPU
		{841C6E35-3285-4FB1-A567-3673AE5541ED}.Debug|Any CPU.ActiveCfg = Debug|Any CPU
		{841C6E35-3285-4FB1-A567-3673AE5541ED}.Debug|Any CPU.Build.0 = Debug|Any CPU
		{841C6E35-3285-4FB1-A567-3673AE5541ED}.Release|Any CPU.ActiveCfg = Release|Any CPU
		{841C6E35-3285-4FB1-A567-3673AE5541ED}.Release|Any CPU.Build.0 = Release|Any CPU
		{997AAD36-220D-4323-8939-9480BA6F7196}.Debug|Any CPU.ActiveCfg = Debug|Any CPU
		{997AAD36-220D-4323-8939-9480BA6F7196}.Debug|Any CPU.Build.0 = Debug|Any CPU
		{997AAD36-220D-4323-8939-9480BA6F7196}.Release|Any CPU.ActiveCfg = Release|Any CPU
		{997AAD36-220D-4323-8939-9480BA6F7196}.Release|Any CPU.Build.0 = Release|Any CPU
	EndGlobalSection
	GlobalSection(SolutionProperties) = preSolution
		HideSolutionNode = FALSE
	EndGlobalSection
	GlobalSection(NestedProjects) = preSolution
		{5C2DD09C-5C4F-4A10-8B43-597B5A84B275} = {02EA681E-C7D8-13C7-8484-4AC65E1B71E8}
		{B15980B0-1152-4BAD-AAA1-7E42E5B741B0} = {02EA681E-C7D8-13C7-8484-4AC65E1B71E8}
		{3303E8E8-8C36-4DD5-AFC2-50C3BF965DDA} = {5C2DD09C-5C4F-4A10-8B43-597B5A84B275}
		{8B159861-07FA-4F53-B08E-20E506277C60} = {5C2DD09C-5C4F-4A10-8B43-597B5A84B275}
		{841C6E35-3285-4FB1-A567-3673AE5541ED} = {5C2DD09C-5C4F-4A10-8B43-597B5A84B275}
		{997AAD36-220D-4323-8939-9480BA6F7196} = {5C2DD09C-5C4F-4A10-8B43-597B5A84B275}
	EndGlobalSection
	GlobalSection(ExtensibilityGlobals) = postSolution
		SolutionGuid = {2D51715D-C57A-4A48-B837-799E5BC97399}
	EndGlobalSection
EndGlobal
